{
    "version": "0.5",
    "requires": [
        "zlib/1.3.1#cac0f6daea041b0ccf42934163defb20%1765284699.337",
        "tinyxml2/11.0.0#26881979c0366af3dcf3a9791a344f7c%1742232641.271",
        "re2/20251105#8579cfd0bda4daf0683f9e3898f964b4%1772560729.95",
        "protobuf/6.33.5#ff253ead763bd8d9904a52979cd21e81%1778763145.334",
        "paho-mqtt-c/1.3.10#e05c4a85e84fc9436394aed0dc55447f%1772109463.958",
        "openssl/3.6.2#36f92686a9285adfe2ccd1c1dbf9ea35%1775635547.022",
        "libusb/1.0.29#bf7f48bae933c47aa999c9880a71872d%1761658212.513",
        "libmodbus/3.1.6#8bba832215e9b3d454b4e3d93e16c483%1759761881.531",
        "libjpeg/9f#8edfe2699565c80c825d0256002504ff%1723665907.087",
        "libbacktrace/cci.20210118#a7691bfccd8caaf66309df196790a5a1%1722218217.276",
        "libalsa/1.2.13#e0a69e6663a15a6461e18491eb39f2df%1731596511.609",
        "gtest/1.13.0#fffefb07abcafc4b7fd76bce7b9b1b75%1743410808.889",
        "grpc/1.82.0#854077a504a256205bdc03c1156bb782%1783328461.136",
        "eigen/5.0.1#ceac4c62a715813690dc13d666e29fbc%1763461594.306",
        "c-ares/1.34.6#545240bb1c40e2cacd4362d6b8967650%1766500685.317",
        "bzip2/1.0.8#c470882369c2d95c5c77e970c0c7e321%1762886692.465",
        "boost/1.86.0#ba15175515249ce5dc1bbe10aa945dc9%1765955103.599",
        "b64/2.0.0.1#ad0a14b75b0e0be07a7d6c1650bffa71%1682497125.856",
        "abseil/20260107.1#883e95a7be2b767999f64669ac642e5d%1773137897.755"
    ],
    "build_requires": [
        "zlib/1.3.1#cac0f6daea041b0ccf42934163defb20%1765284699.337",
        "protobuf/6.33.5#ff253ead763bd8d9904a52979cd21e81%1778763145.334",
        "m4/1.4.19#34c4bbc3eeebe98ca6edf2f52d602e7d%1777282960.259",
        "libtool/2.4.7#14e7739cc128bc1623d2ed318008e47e%1755679003.847",
        "gnu-config/cci.20210814#466e9d4d7779e1c142443f7ea44b4284%1762363589.329",
        "cmake/4.3.2#c740c22f711eb5ef0cec51c40b84657b%1776934625.055",
        "b2/5.4.2#ffd6084a119587e70f11cd45d1a386e2%1766594659.866",
        "automake/1.16.5#b91b7c384c3deaa9d535be02da14d04f%1755524470.56",
        "autoconf/2.71#51077f068e61700d65bb05541ea1e4b0%1731054366.86",
        "abseil/20260107.1#883e95a7be2b767999f64669ac642e5d%1773137897.755"
    ],
    "python_requires": [],
    "config_requires": []
}
